Microsoft Visual Studio Solution File, Format Version 11.00
# Visual Studio 2008

Project("{FFE0170D-BD16-1802-C1A0-F89E54BF1739}") = "congcong", "Assembly-CSharp.csproj", "{6872CB93-C650-0850-E806-662A094C0A4A}"
EndProject
Global
	GlobalSection(SolutionConfigurationPlatforms) = preSolution
		Debug|Any CPU = Debug|Any CPU
		Release|Any CPU = Release|Any CPU
	EndGlobalSection
	GlobalSection(ProjectConfigurationPlatforms) = postSolution
		{6872CB93-C650-0850-E806-662A094C0A4A}.Debug|Any CPU.ActiveCfg = Debug|Any CPU
		{6872CB93-C650-0850-E806-662A094C0A4A}.Debug|Any CPU.Build.0 = Debug|Any CPU
		{6872CB93-C650-0850-E806-662A094C0A4A}.Release|Any CPU.ActiveCfg = Release|Any CPU
		{6872CB93-C650-0850-E806-662A094C0A4A}.Release|Any CPU.Build.0 = Release|Any CPU
	EndGlobalSection
	GlobalSection(SolutionProperties) = preSolution
		HideSolutionNode = FALSE
	EndGlobalSection
	GlobalSection(MonoDevelopProperties) = preSolution
		StartupItem = Assembly-CSharp.csproj
	EndGlobalSection
EndGlobal
